// !$*UTF8*$!
{
	archiveVersion = 1;
	classes = {
	};
	objectVersion = 56;
	objects = {

/* Begin PBXBuildFile section */
		B05D040E2BF3AC9200F165DB /* AppDelegate.swift in Sources */ = {isa = PBXBuildFile; fileRef = B05D040D2BF3AC9200F165DB /* AppDelegate.swift */; };
		B05D04102BF3AC9200F165DB /* SceneDelegate.swift in Sources */ = {isa = PBXBuildFile; fileRef = B05D040F2BF3AC9200F165DB /* SceneDelegate.swift */; };
		B05D04122BF3AC9200F165DB /* ViewController.swift in Sources */ = {isa = PBXBuildFile; fileRef = B05D04112BF3AC9200F165DB /* ViewController.swift */; };
		B05D04152BF3AC9200F165DB /* Base in Resources */ = {isa = PBXBuildFile; fileRef = B05D04142BF3AC9200F165DB /* Base */; };
		B05D04172BF3AC9400F165DB /* Assets.xcassets in Resources */ = {isa = PBXBuildFile; fileRef = B05D04162BF3AC9400F165DB /* Assets.xcassets */; };
		B05D041A2BF3AC9400F165DB /* Base in Resources */ = {isa = PBXBuildFile; fileRef = B05D04192BF3AC9400F165DB /* Base */; };
		B05D04252BF3AC9500F165DB /* UberCloneMyProjectTests.swift in Sources */ = {isa = PBXBuildFile; fileRef = B05D04242BF3AC9500F165DB /* UberCloneMyProjectTests.swift */; };
		B05D042F2BF3AC9500F165DB /* UberCloneMyProjectUITests.swift in Sources */ = {isa = PBXBuildFile; fileRef = B05D042E2BF3AC9500F165DB /* UberCloneMyProjectUITests.swift */; };
		B05D04312BF3AC9500F165DB /* UberCloneMyProjectUITestsLaunchTests.swift in Sources */ = {isa = PBXBuildFile; fileRef = B05D04302BF3AC9500F165DB /* UberCloneMyProjectUITestsLaunchTests.swift */; };
/* End PBXBuildFile section */

/* Begin PBXContainerItemProxy section */
		B05D04212BF3AC9500F165DB /* PBXContainerItemProxy */ = {
			isa = PBXContainerItemProxy;
			containerPortal = B05D04022BF3AC9200F165DB /* Project object */;
			proxyType = 1;
			remoteGlobalIDString = B05D04092BF3AC9200F165DB;
			remoteInfo = UberCloneMyProject;
		};
		B05D042B2BF3AC9500F165DB /* PBXContainerItemProxy */ = {
			isa = PBXContainerItemProxy;
			containerPortal = B05D04022BF3AC9200F165DB /* Project object */;
			proxyType = 1;
			remoteGlobalIDString = B05D04092BF3AC9200F165DB;
			remoteInfo = UberCloneMyProject;
		};
/* End PBXContainerItemProxy section */

/* Begin PBXFileReference section */
		B05D040A2BF3AC9200F165DB /* UberCloneMyProject.app */ = {isa = PBXFileReference; explicitFileType = wrapper.application; includeInIndex = 0; path = UberCloneMyProject.app; sourceTree = BUILT_PRODUCTS_DIR; };
		B05D040D2BF3AC9200F165DB /* AppDelegate.swift */ = {isa = PBXFileReference; lastKnownFileType = sourcecode.swift; path = AppDelegate.swift; sourceTree = "<group>"; };
		B05D040F2BF3AC9200F165DB /* SceneDelegate.swift */ = {isa = PBXFileReference; lastKnownFileType = sourcecode.swift; path = SceneDelegate.swift; sourceTree = "<group>"; };
		B05D04112BF3AC9200F165DB /* ViewController.swift */ = {isa = PBXFileReference; lastKnownFileType = sourcecode.swift; path = ViewController.swift; sourceTree = "<group>"; };
		B05D04142BF3AC9200F165DB /* Base */ = {isa = PBXFileReference; lastKnownFileType = file.storyboard; name = Base; path = Base.lproj/Main.storyboard; sourceTree = "<group>"; };
		B05D04162BF3AC9400F165DB /* Assets.xcassets */ = {isa = PBXFileReference; lastKnownFileType = folder.assetcatalog; path = Assets.xcassets; sourceTree = "<group>"; };
		B05D04192BF3AC9400F165DB /* Base */ = {isa = PBXFileReference; lastKnownFileType = file.storyboard; name = Base; path = Base.lproj/LaunchScreen.storyboard; sourceTree = "<group>"; };
		B05D041B2BF3AC9400F165DB /* Info.plist */ = {isa = PBXFileReference; lastKnownFileType = text.plist.xml; path = Info.plist; sourceTree = "<group>"; };
		B05D04202BF3AC9500F165DB /* UberCloneMyProjectTests.xctest */ = {isa = PBXFileReference; explicitFileType = wrapper.cfbundle; includeInIndex = 0; path = UberCloneMyProjectTests.xctest; sourceTree = BUILT_PRODUCTS_DIR; };
		B05D04242BF3AC9500F165DB /* UberCloneMyProjectTests.swift */ = {isa = PBXFileReference; lastKnownFileType = sourcecode.swift; path = UberCloneMyProjectTests.swift; sourceTree = "<group>"; };
		B05D042A2BF3AC9500F165DB /* UberCloneMyProjectUITests.xctest */ = {isa = PBXFileReference; explicitFileType = wrapper.cfbundle; includeInIndex = 0; path = UberCloneMyProjectUITests.xctest; sourceTree = BUILT_PRODUCTS_DIR; };
		B05D042E2BF3AC9500F165DB /* UberCloneMyProjectUITests.swift */ = {isa = PBXFileReference; lastKnownFileType = sourcecode.swift; path = UberCloneMyProjectUITests.swift; sourceTree = "<group>"; };
		B05D04302BF3AC9500F165DB /* UberCloneMyProjectUITestsLaunchTests.swift */ = {isa = PBXFileReference; lastKnownFileType = sourcecode.swift; path = UberCloneMyProjectUITestsLaunchTests.swift; sourceTree = "<group>"; };
/* End PBXFileReference section */

/* Begin PBXFrameworksBuildPhase section */
		B05D04072BF3AC9200F165DB /* Frameworks */ = {
			isa = PBXFrameworksBuildPhase;
			buildActionMask = 2147483647;
			files = (
			);
			runOnlyForDeploymentPostprocessing = 0;
		};
		B05D041D2BF3AC9500F165DB /* Frameworks */ = {
			isa = PBXFrameworksBuildPhase;
			buildActionMask = 2147483647;
			files = (
			);
			runOnlyForDeploymentPostprocessing = 0;
		};
		B05D04272BF3AC9500F165DB /* Frameworks */ = {
			isa = PBXFrameworksBuildPhase;
			buildActionMask = 2147483647;
			files = (
			);
			runOnlyForDeploymentPostprocessing = 0;
		};
/* End PBXFrameworksBuildPhase section */

/* Begin PBXGroup section */
		B05D04012BF3AC9200F165DB = {
			isa = PBXGroup;
			children = (
				B05D040C2BF3AC9200F165DB /* UberCloneMyProject */,
				B05D04232BF3AC9500F165DB /* UberCloneMyProjectTests */,
				B05D042D2BF3AC9500F165DB /* UberCloneMyProjectUITests */,
				B05D040B2BF3AC9200F165DB /* Products */,
			);
			sourceTree = "<group>";
		};
		B05D040B2BF3AC9200F165DB /* Products */ = {
			isa = PBXGroup;
			children = (
				B05D040A2BF3AC9200F165DB /* UberCloneMyProject.app */,
				B05D04202BF3AC9500F165DB /* UberCloneMyProjectTests.xctest */,
				B05D042A2BF3AC9500F165DB /* UberCloneMyProjectUITests.xctest */,
			);
			name = Products;
			sourceTree = "<group>";
		};
		B05D040C2BF3AC9200F165DB /* UberCloneMyProject */ = {
			isa = PBXGroup;
			children = (
				B05D040D2BF3AC9200F165DB /* AppDelegate.swift */,
				B05D040F2BF3AC9200F165DB /* SceneDelegate.swift */,
				B05D04112BF3AC9200F165DB /* ViewController.swift */,
				B05D04132BF3AC9200F165DB /* Main.storyboard */,
				B05D04162BF3AC9400F165DB /* Assets.xcassets */,
				B05D04182BF3AC9400F165DB /* LaunchScreen.storyboard */,
				B05D041B2BF3AC9400F165DB /* Info.plist */,
			);
			path = UberCloneMyProject;
			sourceTree = "<group>";
		};
		B05D04232BF3AC9500F165DB /* UberCloneMyProjectTests */ = {
			isa = PBXGroup;
			children = (
				B05D04242BF3AC9500F165DB /* UberCloneMyProjectTests.swift */,
			);
			path = UberCloneMyProjectTests;
			sourceTree = "<group>";
		};
		B05D042D2BF3AC9500F165DB /* UberCloneMyProjectUITests */ = {
			isa = PBXGroup;
			children = (
				B05D042E2BF3AC9500F165DB /* UberCloneMyProjectUITests.swift */,
				B05D04302BF3AC9500F165DB /* UberCloneMyProjectUITestsLaunchTests.swift */,
			);
			path = UberCloneMyProjectUITests;
			sourceTree = "<group>";
		};
/* End PBXGroup section */

/* Begin PBXNativeTarget section */
		B05D04092BF3AC9200F165DB /* UberCloneMyProject */ = {
			isa = PBXNativeTarget;
			buildConfigurationList = B05D04342BF3AC9500F165DB /* Build configuration list for PBXNativeTarget "UberCloneMyProject" */;
			buildPhases = (
				B05D04062BF3AC9200F165DB /* Sources */,
				B05D04072BF3AC9200F165DB /* Frameworks */,
				B05D04082BF3AC9200F165DB /* Resources */,
			);
			buildRules = (
			);
			dependencies = (
			);
			name = UberCloneMyProject;
			productName = UberCloneMyProject;
			productReference = B05D040A2BF3AC9200F165DB /* UberCloneMyProject.app */;
			productType = "com.apple.product-type.application";
		};
		B05D041F2BF3AC9500F165DB /* UberCloneMyProjectTests */ = {
			isa = PBXNativeTarget;
			buildConfigurationList = B05D04372BF3AC9500F165DB /* Build configuration list for PBXNativeTarget "UberCloneMyProjectTests" */;
			buildPhases = (
				B05D041C2BF3AC9500F165DB /* Sources */,
				B05D041D2BF3AC9500F165DB /* Frameworks */,
				B05D041E2BF3AC9500F165DB /* Resources */,
			);
			buildRules = (
			);
			dependencies = (
				B05D04222BF3AC9500F165DB /* PBXTargetDependency */,
			);
			name = UberCloneMyProjectTests;
			productName = UberCloneMyProjectTests;
			productReference = B05D04202BF3AC9500F165DB /* UberCloneMyProjectTests.xctest */;
			productType = "com.apple.product-type.bundle.unit-test";
		};
		B05D04292BF3AC9500F165DB /* UberCloneMyProjectUITests */ = {
			isa = PBXNativeTarget;
			buildConfigurationList = B05D043A2BF3AC9500F165DB /* Build configuration list for PBXNativeTarget "UberCloneMyProjectUITests" */;
			buildPhases = (
				B05D04262BF3AC9500F165DB /* Sources */,
				B05D04272BF3AC9500F165DB /* Frameworks */,
				B05D04282BF3AC9500F165DB /* Resources */,
			);
			buildRules = (
			);
			dependencies = (
				B05D042C2BF3AC9500F165DB /* PBXTargetDependency */,
			);
			name = UberCloneMyProjectUITests;
			productName = UberCloneMyProjectUITests;
			productReference = B05D042A2BF3AC9500F165DB /* UberCloneMyProjectUITests.xctest */;
			productType = "com.apple.product-type.bundle.ui-testing";
		};
/* End PBXNativeTarget section */

/* Begin PBXProject section */
		B05D04022BF3AC9200F165DB /* Project object */ = {
			isa = PBXProject;
			attributes = {
				BuildIndependentTargetsInParallel = 1;
				LastSwiftUpdateCheck = 1530;
				LastUpgradeCheck = 1530;
				TargetAttributes = {
					B05D04092BF3AC9200F165DB = {
						CreatedOnToolsVersion = 15.3;
					};
					B05D041F2BF3AC9500F165DB = {
						CreatedOnToolsVersion = 15.3;
						TestTargetID = B05D04092BF3AC9200F165DB;
					};
					B05D04292BF3AC9500F165DB = {
						CreatedOnToolsVersion = 15.3;
						TestTargetID = B05D04092BF3AC9200F165DB;
					};
				};
			};
			buildConfigurationList = B05D04052BF3AC9200F165DB /* Build configuration list for PBXProject "UberCloneMyProject" */;
			compatibilityVersion = "Xcode 14.0";
			developmentRegion = en;
			hasScannedForEncodings = 0;
			knownRegions = (
				en,
				Base,
			);
			mainGroup = B05D04012BF3AC9200F165DB;
			productRefGroup = B05D040B2BF3AC9200F165DB /* Products */;
			projectDirPath = "";
			projectRoot = "";
			targets = (
				B05D04092BF3AC9200F165DB /* UberCloneMyProject */,
				B05D041F2BF3AC9500F165DB /* UberCloneMyProjectTests */,
				B05D04292BF3AC9500F165DB /* UberCloneMyProjectUITests */,
			);
		};
/* End PBXProject section */

/* Begin PBXResourcesBuildPhase section */
		B05D04082BF3AC9200F165DB /* Resources */ = {
			isa = PBXResourcesBuildPhase;
			buildActionMask = 2147483647;
			files = (
				B05D04172BF3AC9400F165DB /* Assets.xcassets in Resources */,
				B05D041A2BF3AC9400F165DB /* Base in Resources */,
				B05D04152BF3AC9200F165DB /* Base in Resources */,
			);
			runOnlyForDeploymentPostprocessing = 0;
		};
		B05D041E2BF3AC9500F165DB /* Resources */ = {
			isa = PBXResourcesBuildPhase;
			buildActionMask = 2147483647;
			files = (
			);
			runOnlyForDeploymentPostprocessing = 0;
		};
		B05D04282BF3AC9500F165DB /* Resources */ = {
			isa = PBXResourcesBuildPhase;
			buildActionMask = 2147483647;
			files = (
			);
			runOnlyForDeploymentPostprocessing = 0;
		};
/* End PBXResourcesBuildPhase section */

/* Begin PBXSourcesBuildPhase section */
		B05D04062BF3AC9200F165DB /* Sources */ = {
			isa = PBXSourcesBuildPhase;
			buildActionMask = 2147483647;
			files = (
				B05D04122BF3AC9200F165DB /* ViewController.swift in Sources */,
				B05D040E2BF3AC9200F165DB /* AppDelegate.swift in Sources */,
				B05D04102BF3AC9200F165DB /* SceneDelegate.swift in Sources */,
			);
			runOnlyForDeploymentPostprocessing = 0;
		};
		B05D041C2BF3AC9500F165DB /* Sources */ = {
			isa = PBXSourcesBuildPhase;
			buildActionMask = 2147483647;
			files = (
				B05D04252BF3AC9500F165DB /* UberCloneMyProjectTests.swift in Sources */,
			);
			runOnlyForDeploymentPostprocessing = 0;
		};
		B05D04262BF3AC9500F165DB /* Sources */ = {
			isa = PBXSourcesBuildPhase;
			buildActionMask = 2147483647;
			files = (
				B05D04312BF3AC9500F165DB /* UberCloneMyProjectUITestsLaunchTests.swift in Sources */,
				B05D042F2BF3AC9500F165DB /* UberCloneMyProjectUITests.swift in Sources */,
			);
			runOnlyForDeploymentPostprocessing = 0;
		};
/* End PBXSourcesBuildPhase section */

/* Begin PBXTargetDependency section */
		B05D04222BF3AC9500F165DB /* PBXTargetDependency */ = {
			isa = PBXTargetDependency;
			target = B05D04092BF3AC9200F165DB /* UberCloneMyProject */;
			targetProxy = B05D04212BF3AC9500F165DB /* PBXContainerItemProxy */;
		};
		B05D042C2BF3AC9500F165DB /* PBXTargetDependency */ = {
			isa = PBXTargetDependency;
			target = B05D04092BF3AC9200F165DB /* UberCloneMyProject */;
			targetProxy = B05D042B2BF3AC9500F165DB /* PBXContainerItemProxy */;
		};
/* End PBXTargetDependency section */

/* Begin PBXVariantGroup section */
		B05D04132BF3AC9200F165DB /* Main.storyboard */ = {
			isa = PBXVariantGroup;
			children = (
				B05D04142BF3AC9200F165DB /* Base */,
			);
			name = Main.storyboard;
			sourceTree = "<group>";
		};
		B05D04182BF3AC9400F165DB /* LaunchScreen.storyboard */ = {
			isa = PBXVariantGroup;
			children = (
				B05D04192BF3AC9400F165DB /* Base */,
			);
			name = LaunchScreen.storyboard;
			sourceTree = "<group>";
		};
/* End PBXVariantGroup section */

/* Begin XCBuildConfiguration section */
		B05D04322BF3AC9500F165DB /* Debug */ = {
			isa = XCBuildConfiguration;
			buildSettings = {
				ALWAYS_SEARCH_USER_PATHS = NO;
				ASSETCATALOG_COMPILER_GENERATE_SWIFT_ASSET_SYMBOL_EXTENSIONS = YES;
				CLANG_ANALYZER_NONNULL = YES;
				CLANG_ANALYZER_NUMBER_OBJECT_CONVERSION = YES_AGGRESSIVE;
				CLANG_CXX_LANGUAGE_STANDARD = "gnu++20";
				CLANG_ENABLE_MODULES = YES;
				CLANG_ENABLE_OBJC_ARC = YES;
				CLANG_ENABLE_OBJC_WEAK = YES;
				CLANG_WARN_BLOCK_CAPTURE_AUTORELEASING = YES;
				CLANG_WARN_BOOL_CONVERSION = YES;
				CLANG_WARN_COMMA = YES;
				CLANG_WARN_CONSTANT_CONVERSION = YES;
				CLANG_WARN_DEPRECATED_OBJC_IMPLEMENTATIONS = YES;
				CLANG_WARN_DIRECT_OBJC_ISA_USAGE = YES_ERROR;
				CLANG_WARN_DOCUMENTATION_COMMENTS = YES;
				CLANG_WARN_EMPTY_BODY = YES;
				CLANG_WARN_ENUM_CONVERSION = YES;
				CLANG_WARN_INFINITE_RECURSION = YES;
				CLANG_WARN_INT_CONVERSION = YES;
				CLANG_WARN_NON_LITERAL_NULL_CONVERSION = YES;
				CLANG_WARN_OBJC_IMPLICIT_RETAIN_SELF = YES;
				CLANG_WARN_OBJC_LITERAL_CONVERSION = YES;
				CLANG_WARN_OBJC_ROOT_CLASS = YES_ERROR;
				CLANG_WARN_QUOTED_INCLUDE_IN_FRAMEWORK_HEADER = YES;
				CLANG_WARN_RANGE_LOOP_ANALYSIS = YES;
				CLANG_WARN_STRICT_PROTOTYPES = YES;
				CLANG_WARN_SUSPICIOUS_MOVE = YES;
				CLANG_WARN_UNGUARDED_AVAILABILITY = YES_AGGRESSIVE;
				CLANG_WARN_UNREACHABLE_CODE = YES;
				CLANG_WARN__DUPLICATE_METHOD_MATCH = YES;
				COPY_PHASE_STRIP = NO;
				DEBUG_INFORMATION_FORMAT = dwarf;
				ENABLE_STRICT_OBJC_MSGSEND = YES;
				ENABLE_TESTABILITY = YES;
				ENABLE_USER_SCRIPT_SANDBOXING = YES;
				GCC_C_LANGUAGE_STANDARD = gnu17;
				GCC_DYNAMIC_NO_PIC = NO;
				GCC_NO_COMMON_BLOCKS = YES;
				GCC_OPTIMIZATION_LEVEL = 0;
				GCC_PREPROCESSOR_DEFINITIONS = (
					"DEBUG=1",
					"$(inherited)",
				);
				GCC_WARN_64_TO_32_BIT_CONVERSION = YES;
				GCC_WARN_ABOUT_RETURN_TYPE = YES_ERROR;
				GCC_WARN_UNDECLARED_SELECTOR = YES;
				GCC_WARN_UNINITIALIZED_AUTOS = YES_AGGRESSIVE;
				GCC_WARN_UNUSED_FUNCTION = YES;
				GCC_WARN_UNUSED_VARIABLE = YES;
				IPHONEOS_DEPLOYMENT_TARGET = 17.4;
				LOCALIZATION_PREFERS_STRING_CATALOGS = YES;
				MTL_ENABLE_DEBUG_INFO = INCLUDE_SOURCE;
				MTL_FAST_MATH = YES;
				ONLY_ACTIVE_ARCH = YES;
				SDKROOT = iphoneos;
				SWIFT_ACTIVE_COMPILATION_CONDITIONS = "DEBUG $(inherited)";
				SWIFT_OPTIMIZATION_LEVEL = "-Onone";
			};
			name = Debug;
		};
		B05D04332BF3AC9500F165DB /* Release */ = {
			isa = XCBuildConfiguration;
			buildSettings = {
				ALWAYS_SEARCH_USER_PATHS = NO;
				ASSETCATALOG_COMPILER_GENERATE_SWIFT_ASSET_SYMBOL_EXTENSIONS = YES;
				CLANG_ANALYZER_NONNULL = YES;
				CLANG_ANALYZER_NUMBER_OBJECT_CONVERSION = YES_AGGRESSIVE;
				CLANG_CXX_LANGUAGE_STANDARD = "gnu++20";
				CLANG_ENABLE_MODULES = YES;
				CLANG_ENABLE_OBJC_ARC = YES;
				CLANG_ENABLE_OBJC_WEAK = YES;
				CLANG_WARN_BLOCK_CAPTURE_AUTORELEASING = YES;
				CLANG_WARN_BOOL_CONVERSION = YES;
				CLANG_WARN_COMMA = YES;
				CLANG_WARN_CONSTANT_CONVERSION = YES;
				CLANG_WARN_DEPRECATED_OBJC_IMPLEMENTATIONS = YES;
				CLANG_WARN_DIRECT_OBJC_ISA_USAGE = YES_ERROR;
				CLANG_WARN_DOCUMENTATION_COMMENTS = YES;
				CLANG_WARN_EMPTY_BODY = YES;
				CLANG_WARN_ENUM_CONVERSION = YES;
				CLANG_WARN_INFINITE_RECURSION = YES;
				CLANG_WARN_INT_CONVERSION = YES;
				CLANG_WARN_NON_LITERAL_NULL_CONVERSION = YES;
				CLANG_WARN_OBJC_IMPLICIT_RETAIN_SELF = YES;
				CLANG_WARN_OBJC_LITERAL_CONVERSION = YES;
				CLANG_WARN_OBJC_ROOT_CLASS = YES_ERROR;
				CLANG_WARN_QUOTED_INCLUDE_IN_FRAMEWORK_HEADER = YES;
				CLANG_WARN_RANGE_LOOP_ANALYSIS = YES;
				CLANG_WARN_STRICT_PROTOTYPES = YES;
				CLANG_WARN_SUSPICIOUS_MOVE = YES;
				CLANG_WARN_UNGUARDED_AVAILABILITY = YES_AGGRESSIVE;
				CLANG_WARN_UNREACHABLE_CODE = YES;
				CLANG_WARN__DUPLICATE_METHOD_MATCH = YES;
				COPY_PHASE_STRIP = NO;
				DEBUG_INFORMATION_FORMAT = "dwarf-with-dsym";
				ENABLE_NS_ASSERTIONS = NO;
				ENABLE_STRICT_OBJC_MSGSEND = YES;
				ENABLE_USER_SCRIPT_SANDBOXING = YES;
				GCC_C_LANGUAGE_STANDARD = gnu17;
				GCC_NO_COMMON_BLOCKS = YES;
				GCC_WARN_64_TO_32_BIT_CONVERSION = YES;
				GCC_WARN_ABOUT_RETURN_TYPE = YES_ERROR;
				GCC_WARN_UNDECLARED_SELECTOR = YES;
				GCC_WARN_UNINITIALIZED_AUTOS = YES_AGGRESSIVE;
				GCC_WARN_UNUSED_FUNCTION = YES;
				GCC_WARN_UNUSED_VARIABLE = YES;
				IPHONEOS_DEPLOYMENT_TARGET = 17.4;
				LOCALIZATION_PREFERS_STRING_CATALOGS = YES;
				MTL_ENABLE_DEBUG_INFO = NO;
				MTL_FAST_MATH = YES;
				SDKROOT = iphoneos;
				SWIFT_COMPILATION_MODE = wholemodule;
				VALIDATE_PRODUCT = YES;
			};
			name = Release;
		};
		B05D04352BF3AC9500F165DB /* Debug */ = {
			isa = XCBuildConfiguration;
			buildSettings = {
				ASSETCATALOG_COMPILER_APPICON_NAME = AppIcon;
				ASSETCATALOG_COMPILER_GLOBAL_ACCENT_COLOR_NAME = AccentColor;
				CODE_SIGN_STYLE = Automatic;
				CURRENT_PROJECT_VERSION = 1;
				DEVELOPMENT_TEAM = Z83Z2WP4ZD;
				GENERATE_INFOPLIST_FILE = YES;
				INFOPLIST_FILE = UberCloneMyProject/Info.plist;
				INFOPLIST_KEY_UIApplicationSupportsIndirectInputEvents = YES;
				INFOPLIST_KEY_UILaunchStoryboardName = LaunchScreen;
				INFOPLIST_KEY_UIMainStoryboardFile = Main;
				INFOPLIST_KEY_UISupportedInterfaceOrientations_iPad = "UIInterfaceOrientationPortrait UIInterfaceOrientationPortraitUpsideDown UIInterfaceOrientationLandscapeLeft UIInterfaceOrientationLandscapeRight";
				INFOPLIST_KEY_UISupportedInterfaceOrientations_iPhone = "UIInterfaceOrientationPortrait UIInterfaceOrientationLandscapeLeft UIInterfaceOrientationLandscapeRight";
				LD_RUNPATH_SEARCH_PATHS = (
					"$(inherited)",
					"@executable_path/Frameworks",
				);
				MARKETING_VERSION = 1.0;
				PRODUCT_BUNDLE_IDENTIFIER = aref.UberCloneMyProject;
				PRODUCT_NAME = "$(TARGET_NAME)";
				SWIFT_EMIT_LOC_STRINGS = YES;
				SWIFT_VERSION = 5.0;
				TARGETED_DEVICE_FAMILY = "1,2";
			};
			name = Debug;
		};
		B05D04362BF3AC9500F165DB /* Release */ = {
			isa = XCBuildConfiguration;
			buildSettings = {
				ASSETCATALOG_COMPILER_APPICON_NAME = AppIcon;
				ASSETCATALOG_COMPILER_GLOBAL_ACCENT_COLOR_NAME = AccentColor;
				CODE_SIGN_STYLE = Automatic;
				CURRENT_PROJECT_VERSION = 1;
				DEVELOPMENT_TEAM = Z83Z2WP4ZD;
				GENERATE_INFOPLIST_FILE = YES;
				INFOPLIST_FILE = UberCloneMyProject/Info.plist;
				INFOPLIST_KEY_UIApplicationSupportsIndirectInputEvents = YES;
				INFOPLIST_KEY_UILaunchStoryboardName = LaunchScreen;
				INFOPLIST_KEY_UIMainStoryboardFile = Main;
				INFOPLIST_KEY_UISupportedInterfaceOrientations_iPad = "UIInterfaceOrientationPortrait UIInterfaceOrientationPortraitUpsideDown UIInterfaceOrientationLandscapeLeft UIInterfaceOrientationLandscapeRight";
				INFOPLIST_KEY_UISupportedInterfaceOrientations_iPhone = "UIInterfaceOrientationPortrait UIInterfaceOrientationLandscapeLeft UIInterfaceOrientationLandscapeRight";
				LD_RUNPATH_SEARCH_PATHS = (
					"$(inherited)",
					"@executable_path/Frameworks",
				);
				MARKETING_VERSION = 1.0;
				PRODUCT_BUNDLE_IDENTIFIER = aref.UberCloneMyProject;
				PRODUCT_NAME = "$(TARGET_NAME)";
				SWIFT_EMIT_LOC_STRINGS = YES;
				SWIFT_VERSION = 5.0;
				TARGETED_DEVICE_FAMILY = "1,2";
			};
			name = Release;
		};
		B05D04382BF3AC9500F165DB /* Debug */ = {
			isa = XCBuildConfiguration;
			buildSettings = {
				ALWAYS_EMBED_SWIFT_STANDARD_LIBRARIES = YES;
				BUNDLE_LOADER = "$(TEST_HOST)";
				CODE_SIGN_STYLE = Automatic;
				CURRENT_PROJECT_VERSION = 1;
				DEVELOPMENT_TEAM = Z83Z2WP4ZD;
				GENERATE_INFOPLIST_FILE = YES;
				IPHONEOS_DEPLOYMENT_TARGET = 17.4;
				MARKETING_VERSION = 1.0;
				PRODUCT_BUNDLE_IDENTIFIER = aref.UberCloneMyProjectTests;
				PRODUCT_NAME = "$(TARGET_NAME)";
				SWIFT_EMIT_LOC_STRINGS = NO;
				SWIFT_VERSION = 5.0;
				TARGETED_DEVICE_FAMILY = "1,2";
				TEST_HOST = "$(BUILT_PRODUCTS_DIR)/UberCloneMyProject.app/$(BUNDLE_EXECUTABLE_FOLDER_PATH)/UberCloneMyProject";
			};
			name = Debug;
		};
		B05D04392BF3AC9500F165DB /* Release */ = {
			isa = XCBuildConfiguration;
			buildSettings = {
				ALWAYS_EMBED_SWIFT_STANDARD_LIBRARIES = YES;
				BUNDLE_LOADER = "$(TEST_HOST)";
				CODE_SIGN_STYLE = Automatic;
				CURRENT_PROJECT_VERSION = 1;
				DEVELOPMENT_TEAM = Z83Z2WP4ZD;
				GENERATE_INFOPLIST_FILE = YES;
				IPHONEOS_DEPLOYMENT_TARGET = 17.4;
				MARKETING_VERSION = 1.0;
				PRODUCT_BUNDLE_IDENTIFIER = aref.UberCloneMyProjectTests;
				PRODUCT_NAME = "$(TARGET_NAME)";
				SWIFT_EMIT_LOC_STRINGS = NO;
				SWIFT_VERSION = 5.0;
				TARGETED_DEVICE_FAMILY = "1,2";
				TEST_HOST = "$(BUILT_PRODUCTS_DIR)/UberCloneMyProject.app/$(BUNDLE_EXECUTABLE_FOLDER_PATH)/UberCloneMyProject";
			};
			name = Release;
		};
		B05D043B2BF3AC9500F165DB /* Debug */ = {
			isa = XCBuildConfiguration;
			buildSettings = {
				ALWAYS_EMBED_SWIFT_STANDARD_LIBRARIES = YES;
				CODE_SIGN_STYLE = Automatic;
				CURRENT_PROJECT_VERSION = 1;
				DEVELOPMENT_TEAM = Z83Z2WP4ZD;
				GENERATE_INFOPLIST_FILE = YES;
				MARKETING_VERSION = 1.0;
				PRODUCT_BUNDLE_IDENTIFIER = aref.UberCloneMyProjectUITests;
				PRODUCT_NAME = "$(TARGET_NAME)";
				SWIFT_EMIT_LOC_STRINGS = NO;
				SWIFT_VERSION = 5.0;
				TARGETED_DEVICE_FAMILY = "1,2";
				TEST_TARGET_NAME = UberCloneMyProject;
			};
			name = Debug;
		};
		B05D043C2BF3AC9500F165DB /* Release */ = {
			isa = XCBuildConfiguration;
			buildSettings = {
				ALWAYS_EMBED_SWIFT_STANDARD_LIBRARIES = YES;
				CODE_SIGN_STYLE = Automatic;
				CURRENT_PROJECT_VERSION = 1;
				DEVELOPMENT_TEAM = Z83Z2WP4ZD;
				GENERATE_INFOPLIST_FILE = YES;
				MARKETING_VERSION = 1.0;
				PRODUCT_BUNDLE_IDENTIFIER = aref.UberCloneMyProjectUITests;
				PRODUCT_NAME = "$(TARGET_NAME)";
				SWIFT_EMIT_LOC_STRINGS = NO;
				SWIFT_VERSION = 5.0;
				TARGETED_DEVICE_FAMILY = "1,2";
				TEST_TARGET_NAME = UberCloneMyProject;
			};
			name = Release;
		};
/* End XCBuildConfiguration section */

/* Begin XCConfigurationList section */
		B05D04052BF3AC9200F165DB /* Build configuration list for PBXProject "UberCloneMyProject" */ = {
			isa = XCConfigurationList;
			buildConfigurations = (
				B05D04322BF3AC9500F165DB /* Debug */,
				B05D04332BF3AC9500F165DB /* Release */,
			);
			defaultConfigurationIsVisible = 0;
			defaultConfigurationName = Release;
		};
		B05D04342BF3AC9500F165DB /* Build configuration list for PBXNativeTarget "UberCloneMyProject" */ = {
			isa = XCConfigurationList;
			buildConfigurations = (
				B05D04352BF3AC9500F165DB /* Debug */,
				B05D04362BF3AC9500F165DB /* Release */,
			);
			defaultConfigurationIsVisible = 0;
			defaultConfigurationName = Release;
		};
		B05D04372BF3AC9500F165DB /* Build configuration list for PBXNativeTarget "UberCloneMyProjectTests" */ = {
			isa = XCConfigurationList;
			buildConfigurations = (
				B05D04382BF3AC9500F165DB /* Debug */,
				B05D04392BF3AC9500F165DB /* Release */,
			);
			defaultConfigurationIsVisible = 0;
			defaultConfigurationName = Release;
		};
		B05D043A2BF3AC9500F165DB /* Build configuration list for PBXNativeTarget "UberCloneMyProjectUITests" */ = {
			isa = XCConfigurationList;
			buildConfigurations = (
				B05D043B2BF3AC9500F165DB /* Debug */,
				B05D043C2BF3AC9500F165DB /* Release */,
			);
			defaultConfigurationIsVisible = 0;
			defaultConfigurationName = Release;
		};
/* End XCConfigurationList section */
	};
	rootObject = B05D04022BF3AC9200F165DB /* Project object */;
}
